
Microsoft Visual Studio Solution File, Format Version 12.00
# Visual Studio Version 17
VisualStudioVersion = 17.9.34728.123
MinimumVisualStudioVersion = 10.0.40219.1
Project("{FAE04EC0-301F-11D3-BF4B-00C04F79EFBC}") = "afu_homework02", "afu_homework02.csproj", "{7BB9357E-AED6-4A0D-AE08-394A9DDB3F92}"
EndProject
Global
	GlobalSection(SolutionConfigurationPlatforms) = preSolution
		Debug|Any CPU = Debug|Any CPU
		Release|Any CPU = Release|Any CPU
	EndGlobalSection
	GlobalSection(ProjectConfigurationPlatforms) = postSolution
		{7BB9357E-AED6-4A0D-AE08-394A9DDB3F92}.Debug|Any CPU.ActiveCfg = Debug|Any CPU
		{7BB9357E-AED6-4A0D-AE08-394A9DDB3F92}.Debug|Any CPU.Build.0 = Debug|Any CPU
		{7BB9357E-AED6-4A0D-AE08-394A9DDB3F92}.Release|Any CPU.ActiveCfg = Release|Any CPU
		{7BB9357E-AED6-4A0D-AE08-394A9DDB3F92}.Release|Any CPU.Build.0 = Release|Any CPU
	EndGlobalSection
	GlobalSection(SolutionProperties) = preSolution
		HideSolutionNode = FALSE
	EndGlobalSection
	GlobalSection(ExtensibilityGlobals) = postSolution
		SolutionGuid = {6D59FAE1-D99D-408F-831B-A32D2FA1D00B}
	EndGlobalSection
EndGlobal
