
Microsoft Visual Studio Solution File, Format Version 12.00
# Visual Studio Version 17
VisualStudioVersion = 17.9.34728.123
MinimumVisualStudioVersion = 10.0.40219.1
Project("{FAE04EC0-301F-11D3-BF4B-00C04F79EFBC}") = "ConsoleApp1", "ConsoleApp1\ConsoleApp1.csproj", "{C8A542BE-5B6C-400F-9D26-2F4927769D34}"
EndProject
Global
	GlobalSection(SolutionConfigurationPlatforms) = preSolution
		Debug|Any CPU = Debug|Any CPU
		Release|Any CPU = Release|Any CPU
	EndGlobalSection
	GlobalSection(ProjectConfigurationPlatforms) = postSolution
		{C8A542BE-5B6C-400F-9D26-2F4927769D34}.Debug|Any CPU.ActiveCfg = Debug|Any CPU
		{C8A542BE-5B6C-400F-9D26-2F4927769D34}.Debug|Any CPU.Build.0 = Debug|Any CPU
		{C8A542BE-5B6C-400F-9D26-2F4927769D34}.Release|Any CPU.ActiveCfg = Release|Any CPU
		{C8A542BE-5B6C-400F-9D26-2F4927769D34}.Release|Any CPU.Build.0 = Release|Any CPU
	EndGlobalSection
	GlobalSection(SolutionProperties) = preSolution
		HideSolutionNode = FALSE
	EndGlobalSection
	GlobalSection(ExtensibilityGlobals) = postSolution
		SolutionGuid = {B30D015B-72EC-48CE-A892-74250BB4592A}
	EndGlobalSection
EndGlobal
